<Solution>
  <Folder Name="/Solution Items/">
    <File Path="../compose.yaml" />
  </Folder>
  <Project Path="Altafraner.AfraApp\Altafraner.AfraApp.csproj" Type="C#" />
  <Project Path="Altafraner.Typst.Generator/Altafraner.Typst.Generator.csproj" />
  <Project Path="Altafraner.Typst\Altafraner.Typst.csproj" Type="C#" />
</Solution>
